// !$*UTF8*$!
{
	archiveVersion = 1;
	classes = {
	};
	objectVersion = 50;
	objects = {

/* Begin PBXBuildFile section */
		40184DF42677D0DE000B1A1F /* Localizable.strings in Resources */ = {isa = PBXBuildFile; fileRef = 40184DF62677D0DE000B1A1F /* Localizable.strings */; };
		40184DF92677D481000B1A1F /* Localize.swift in Sources */ = {isa = PBXBuildFile; fileRef = 40184DF82677D481000B1A1F /* Localize.swift */; };
		404C6E8026565BC2002A6A68 /* AppDelegate.swift in Sources */ = {isa = PBXBuildFile; fileRef = 404C6E7F26565BC2002A6A68 /* AppDelegate.swift */; };
		404C6E8226565BC2002A6A68 /* SceneDelegate.swift in Sources */ = {isa = PBXBuildFile; fileRef = 404C6E8126565BC2002A6A68 /* SceneDelegate.swift */; };
		404C6E8726565BC2002A6A68 /* Main.storyboard in Resources */ = {isa = PBXBuildFile; fileRef = 404C6E8526565BC2002A6A68 /* Main.storyboard */; };
		404C6E8926565BC3002A6A68 /* Assets.xcassets in Resources */ = {isa = PBXBuildFile; fileRef = 404C6E8826565BC3002A6A68 /* Assets.xcassets */; };
		404C6E8C26565BC3002A6A68 /* LaunchScreen.storyboard in Resources */ = {isa = PBXBuildFile; fileRef = 404C6E8A26565BC3002A6A68 /* LaunchScreen.storyboard */; };
		404C6EBB26565CC8002A6A68 /* JSONExchange.swift in Sources */ = {isa = PBXBuildFile; fileRef = 404C6EBA26565CC8002A6A68 /* JSONExchange.swift */; };
		404C6EBF26565E08002A6A68 /* ExchangeViewController.swift in Sources */ = {isa = PBXBuildFile; fileRef = 404C6EBE26565E08002A6A68 /* ExchangeViewController.swift */; };
		404C6EC126565E11002A6A68 /* TranslateViewController.swift in Sources */ = {isa = PBXBuildFile; fileRef = 404C6EC026565E11002A6A68 /* TranslateViewController.swift */; };
		404C6EC326565E16002A6A68 /* WeatherViewController.swift in Sources */ = {isa = PBXBuildFile; fileRef = 404C6EC226565E16002A6A68 /* WeatherViewController.swift */; };
		404FF19B265E624800D0B713 /* APIKey.swift in Sources */ = {isa = PBXBuildFile; fileRef = 404FF19A265E624800D0B713 /* APIKey.swift */; };
		404FF19D265E7D7300D0B713 /* TranslateData.swift in Sources */ = {isa = PBXBuildFile; fileRef = 404FF19C265E7D7300D0B713 /* TranslateData.swift */; };
		404FF1A4265FD8EF00D0B713 /* Translate.json in Resources */ = {isa = PBXBuildFile; fileRef = 404FF1A3265FD8EF00D0B713 /* Translate.json */; };
		40631F69266908B300652CEC /* WeatherManagerTests.swift in Sources */ = {isa = PBXBuildFile; fileRef = 40631F68266908B300652CEC /* WeatherManagerTests.swift */; };
		406DFA36267BA7ED00B11C84 /* MainViewController.swift in Sources */ = {isa = PBXBuildFile; fileRef = 406DFA35267BA7ED00B11C84 /* MainViewController.swift */; };
		406DFA38267BAFD200B11C84 /* APIServiceMock.swift in Sources */ = {isa = PBXBuildFile; fileRef = 406DFA37267BAFD200B11C84 /* APIServiceMock.swift */; };
		406DFA3A267BB5EC00B11C84 /* ServiceError.swift in Sources */ = {isa = PBXBuildFile; fileRef = 406DFA39267BB5EC00B11C84 /* ServiceError.swift */; };
		406E0741265AC47A00B9EB48 /* Exchange.json in Resources */ = {isa = PBXBuildFile; fileRef = 406E0740265AC47A00B9EB48 /* Exchange.json */; };
		406E0743265AC4B500B9EB48 /* ResponseDataMock.swift in Sources */ = {isa = PBXBuildFile; fileRef = 406E0742265AC4B500B9EB48 /* ResponseDataMock.swift */; };
		406E0747265B03A700B9EB48 /* Currencies.swift in Sources */ = {isa = PBXBuildFile; fileRef = 406E0746265B03A700B9EB48 /* Currencies.swift */; };
		40708B0526668E1000D1138D /* APIService.swift in Sources */ = {isa = PBXBuildFile; fileRef = 40708B0426668E1000D1138D /* APIService.swift */; };
		40708B072666936500D1138D /* RequestData.swift in Sources */ = {isa = PBXBuildFile; fileRef = 40708B062666936500D1138D /* RequestData.swift */; };
		407B99002669217C00A18CD4 /* DateExtensionTests.swift in Sources */ = {isa = PBXBuildFile; fileRef = 407B98FF2669217C00A18CD4 /* DateExtensionTests.swift */; };
		407D38FE265D054500AFA901 /* JSONTranslate.swift in Sources */ = {isa = PBXBuildFile; fileRef = 407D38FD265D054500AFA901 /* JSONTranslate.swift */; };
		407E4BBA2667DA26009956C8 /* Weather.json in Resources */ = {isa = PBXBuildFile; fileRef = 407E4BB92667DA26009956C8 /* Weather.json */; };
		407E4BBC2667F928009956C8 /* JSONWeather.swift in Sources */ = {isa = PBXBuildFile; fileRef = 407E4BBB2667F928009956C8 /* JSONWeather.swift */; };
		407E4BBE2667FCB5009956C8 /* WeatherManager.swift in Sources */ = {isa = PBXBuildFile; fileRef = 407E4BBD2667FCB5009956C8 /* WeatherManager.swift */; };
		407E4BC02667FDA5009956C8 /* WeatherData.swift in Sources */ = {isa = PBXBuildFile; fileRef = 407E4BBF2667FDA5009956C8 /* WeatherData.swift */; };
		407E4BC226681223009956C8 /* DateExtension.swift in Sources */ = {isa = PBXBuildFile; fileRef = 407E4BC126681223009956C8 /* DateExtension.swift */; };
		4080B5CB265BB5DA007324C7 /* ExchangeManager.swift in Sources */ = {isa = PBXBuildFile; fileRef = 4080B5CA265BB5DA007324C7 /* ExchangeManager.swift */; };
		408A65F3267CB03C00E11074 /* URLSessionExtension.swift in Sources */ = {isa = PBXBuildFile; fileRef = 408A65F2267CB03C00E11074 /* URLSessionExtension.swift */; };
		408A65F5267CB25D00E11074 /* NetworkSessionMock.swift in Sources */ = {isa = PBXBuildFile; fileRef = 408A65F4267CB25D00E11074 /* NetworkSessionMock.swift */; };
		40B6350226789FC5000D79EF /* DetectManagerTests.swift in Sources */ = {isa = PBXBuildFile; fileRef = 40B6350126789FC4000D79EF /* DetectManagerTests.swift */; };
		40B635042678A014000D79EF /* Detect.json in Resources */ = {isa = PBXBuildFile; fileRef = 40B635032678A014000D79EF /* Detect.json */; };
		40CA9E45267252480056FD39 /* DetectData.swift in Sources */ = {isa = PBXBuildFile; fileRef = 40CA9E44267252480056FD39 /* DetectData.swift */; };
		40CA9E47267252A10056FD39 /* JSONDetect.swift in Sources */ = {isa = PBXBuildFile; fileRef = 40CA9E46267252A10056FD39 /* JSONDetect.swift */; };
		40CA9E49267253260056FD39 /* DetectManager.swift in Sources */ = {isa = PBXBuildFile; fileRef = 40CA9E48267253260056FD39 /* DetectManager.swift */; };
		40D4788A2667B3C0006CFB07 /* TranslateManager.swift in Sources */ = {isa = PBXBuildFile; fileRef = 40D478892667B3C0006CFB07 /* TranslateManager.swift */; };
		40D4788C2667BDE2006CFB07 /* APIServiceTests.swift in Sources */ = {isa = PBXBuildFile; fileRef = 40D4788B2667BDE2006CFB07 /* APIServiceTests.swift */; };
		40D4788E2667C3C3006CFB07 /* ExchangeManagerTests.swift in Sources */ = {isa = PBXBuildFile; fileRef = 40D4788D2667C3C3006CFB07 /* ExchangeManagerTests.swift */; };
		40D478902667C976006CFB07 /* TranslateManagerTests.swift in Sources */ = {isa = PBXBuildFile; fileRef = 40D4788F2667C976006CFB07 /* TranslateManagerTests.swift */; };
/* End PBXBuildFile section */

/* Begin PBXContainerItemProxy section */
		404C6E9326565BC3002A6A68 /* PBXContainerItemProxy */ = {
			isa = PBXContainerItemProxy;
			containerPortal = 404C6E7426565BC2002A6A68 /* Project object */;
			proxyType = 1;
			remoteGlobalIDString = 404C6E7B26565BC2002A6A68;
			remoteInfo = "Travel Helper";
		};
/* End PBXContainerItemProxy section */

/* Begin PBXFileReference section */
		40184DF02677D05D000B1A1F /* en */ = {isa = PBXFileReference; lastKnownFileType = text.plist.strings; name = en; path = en.lproj/Main.strings; sourceTree = "<group>"; };
		40184DF52677D0DE000B1A1F /* fr */ = {isa = PBXFileReference; lastKnownFileType = text.plist.strings; name = fr; path = fr.lproj/Localizable.strings; sourceTree = "<group>"; };
		40184DF72677D0E1000B1A1F /* en */ = {isa = PBXFileReference; lastKnownFileType = text.plist.strings; name = en; path = en.lproj/Localizable.strings; sourceTree = "<group>"; };
		40184DF82677D481000B1A1F /* Localize.swift */ = {isa = PBXFileReference; lastKnownFileType = sourcecode.swift; path = Localize.swift; sourceTree = "<group>"; };
		404C6E7C26565BC2002A6A68 /* Travel Helper.app */ = {isa = PBXFileReference; explicitFileType = wrapper.application; includeInIndex = 0; path = "Travel Helper.app"; sourceTree = BUILT_PRODUCTS_DIR; };
		404C6E7F26565BC2002A6A68 /* AppDelegate.swift */ = {isa = PBXFileReference; lastKnownFileType = sourcecode.swift; path = AppDelegate.swift; sourceTree = "<group>"; };
		404C6E8126565BC2002A6A68 /* SceneDelegate.swift */ = {isa = PBXFileReference; lastKnownFileType = sourcecode.swift; path = SceneDelegate.swift; sourceTree = "<group>"; };
		404C6E8626565BC2002A6A68 /* Base */ = {isa = PBXFileReference; lastKnownFileType = file.storyboard; name = Base; path = Base.lproj/Main.storyboard; sourceTree = "<group>"; };
		404C6E8826565BC3002A6A68 /* Assets.xcassets */ = {isa = PBXFileReference; lastKnownFileType = folder.assetcatalog; path = Assets.xcassets; sourceTree = "<group>"; };
		404C6E8B26565BC3002A6A68 /* Base */ = {isa = PBXFileReference; lastKnownFileType = file.storyboard; name = Base; path = Base.lproj/LaunchScreen.storyboard; sourceTree = "<group>"; };
		404C6E8D26565BC3002A6A68 /* Info.plist */ = {isa = PBXFileReference; lastKnownFileType = text.plist.xml; path = Info.plist; sourceTree = "<group>"; };
		404C6E9226565BC3002A6A68 /* Travel HelperTests.xctest */ = {isa = PBXFileReference; explicitFileType = wrapper.cfbundle; includeInIndex = 0; path = "Travel HelperTests.xctest"; sourceTree = BUILT_PRODUCTS_DIR; };
		404C6E9826565BC3002A6A68 /* Info.plist */ = {isa = PBXFileReference; lastKnownFileType = text.plist.xml; path = Info.plist; sourceTree = "<group>"; };
		404C6EBA26565CC8002A6A68 /* JSONExchange.swift */ = {isa = PBXFileReference; lastKnownFileType = sourcecode.swift; path = JSONExchange.swift; sourceTree = "<group>"; };
		404C6EBE26565E08002A6A68 /* ExchangeViewController.swift */ = {isa = PBXFileReference; lastKnownFileType = sourcecode.swift; path = ExchangeViewController.swift; sourceTree = "<group>"; };
		404C6EC026565E11002A6A68 /* TranslateViewController.swift */ = {isa = PBXFileReference; lastKnownFileType = sourcecode.swift; path = TranslateViewController.swift; sourceTree = "<group>"; };
		404C6EC226565E16002A6A68 /* WeatherViewController.swift */ = {isa = PBXFileReference; lastKnownFileType = sourcecode.swift; path = WeatherViewController.swift; sourceTree = "<group>"; };
		404FF19A265E624800D0B713 /* APIKey.swift */ = {isa = PBXFileReference; lastKnownFileType = sourcecode.swift; path = APIKey.swift; sourceTree = "<group>"; };
		404FF19C265E7D7300D0B713 /* TranslateData.swift */ = {isa = PBXFileReference; lastKnownFileType = sourcecode.swift; path = TranslateData.swift; sourceTree = "<group>"; };
		404FF1A3265FD8EF00D0B713 /* Translate.json */ = {isa = PBXFileReference; lastKnownFileType = text.json; path = Translate.json; sourceTree = "<group>"; };
		40631F68266908B300652CEC /* WeatherManagerTests.swift */ = {isa = PBXFileReference; lastKnownFileType = sourcecode.swift; path = WeatherManagerTests.swift; sourceTree = "<group>"; };
		406DFA35267BA7ED00B11C84 /* MainViewController.swift */ = {isa = PBXFileReference; lastKnownFileType = sourcecode.swift; path = MainViewController.swift; sourceTree = "<group>"; };
		406DFA37267BAFD200B11C84 /* APIServiceMock.swift */ = {isa = PBXFileReference; lastKnownFileType = sourcecode.swift; path = APIServiceMock.swift; sourceTree = "<group>"; };
		406DFA39267BB5EC00B11C84 /* ServiceError.swift */ = {isa = PBXFileReference; lastKnownFileType = sourcecode.swift; path = ServiceError.swift; sourceTree = "<group>"; };
		406E0740265AC47A00B9EB48 /* Exchange.json */ = {isa = PBXFileReference; lastKnownFileType = text.json; path = Exchange.json; sourceTree = "<group>"; };
		406E0742265AC4B500B9EB48 /* ResponseDataMock.swift */ = {isa = PBXFileReference; lastKnownFileType = sourcecode.swift; path = ResponseDataMock.swift; sourceTree = "<group>"; };
		406E0746265B03A700B9EB48 /* Currencies.swift */ = {isa = PBXFileReference; lastKnownFileType = sourcecode.swift; path = Currencies.swift; sourceTree = "<group>"; };
		40708B0426668E1000D1138D /* APIService.swift */ = {isa = PBXFileReference; lastKnownFileType = sourcecode.swift; path = APIService.swift; sourceTree = "<group>"; };
		40708B062666936500D1138D /* RequestData.swift */ = {isa = PBXFileReference; lastKnownFileType = sourcecode.swift; path = RequestData.swift; sourceTree = "<group>"; };
		407B98FF2669217C00A18CD4 /* DateExtensionTests.swift */ = {isa = PBXFileReference; lastKnownFileType = sourcecode.swift; path = DateExtensionTests.swift; sourceTree = "<group>"; };
		407D38FD265D054500AFA901 /* JSONTranslate.swift */ = {isa = PBXFileReference; lastKnownFileType = sourcecode.swift; path = JSONTranslate.swift; sourceTree = "<group>"; };
		407E4BB92667DA26009956C8 /* Weather.json */ = {isa = PBXFileReference; lastKnownFileType = text.json; path = Weather.json; sourceTree = "<group>"; };
		407E4BBB2667F928009956C8 /* JSONWeather.swift */ = {isa = PBXFileReference; lastKnownFileType = sourcecode.swift; path = JSONWeather.swift; sourceTree = "<group>"; };
		407E4BBD2667FCB5009956C8 /* WeatherManager.swift */ = {isa = PBXFileReference; lastKnownFileType = sourcecode.swift; path = WeatherManager.swift; sourceTree = "<group>"; };
		407E4BBF2667FDA5009956C8 /* WeatherData.swift */ = {isa = PBXFileReference; lastKnownFileType = sourcecode.swift; path = WeatherData.swift; sourceTree = "<group>"; };
		407E4BC126681223009956C8 /* DateExtension.swift */ = {isa = PBXFileReference; lastKnownFileType = sourcecode.swift; path = DateExtension.swift; sourceTree = "<group>"; };
		4080B5CA265BB5DA007324C7 /* ExchangeManager.swift */ = {isa = PBXFileReference; lastKnownFileType = sourcecode.swift; path = ExchangeManager.swift; sourceTree = "<group>"; };
		408A65F2267CB03C00E11074 /* URLSessionExtension.swift */ = {isa = PBXFileReference; lastKnownFileType = sourcecode.swift; path = URLSessionExtension.swift; sourceTree = "<group>"; };
		408A65F4267CB25D00E11074 /* NetworkSessionMock.swift */ = {isa = PBXFileReference; lastKnownFileType = sourcecode.swift; path = NetworkSessionMock.swift; sourceTree = "<group>"; };
		40B6350126789FC4000D79EF /* DetectManagerTests.swift */ = {isa = PBXFileReference; lastKnownFileType = sourcecode.swift; path = DetectManagerTests.swift; sourceTree = "<group>"; };
		40B635032678A014000D79EF /* Detect.json */ = {isa = PBXFileReference; lastKnownFileType = text.json; path = Detect.json; sourceTree = "<group>"; };
		40BDA6E126726B3C00D246A8 /* fr */ = {isa = PBXFileReference; lastKnownFileType = text.plist.strings; name = fr; path = fr.lproj/Main.strings; sourceTree = "<group>"; };
		40BDA6E226726B3C00D246A8 /* fr */ = {isa = PBXFileReference; lastKnownFileType = text.plist.strings; name = fr; path = fr.lproj/LaunchScreen.strings; sourceTree = "<group>"; };
		40CA9E44267252480056FD39 /* DetectData.swift */ = {isa = PBXFileReference; lastKnownFileType = sourcecode.swift; path = DetectData.swift; sourceTree = "<group>"; };
		40CA9E46267252A10056FD39 /* JSONDetect.swift */ = {isa = PBXFileReference; lastKnownFileType = sourcecode.swift; path = JSONDetect.swift; sourceTree = "<group>"; };
		40CA9E48267253260056FD39 /* DetectManager.swift */ = {isa = PBXFileReference; lastKnownFileType = sourcecode.swift; path = DetectManager.swift; sourceTree = "<group>"; };
		40D478892667B3C0006CFB07 /* TranslateManager.swift */ = {isa = PBXFileReference; lastKnownFileType = sourcecode.swift; path = TranslateManager.swift; sourceTree = "<group>"; };
		40D4788B2667BDE2006CFB07 /* APIServiceTests.swift */ = {isa = PBXFileReference; lastKnownFileType = sourcecode.swift; path = APIServiceTests.swift; sourceTree = "<group>"; };
		40D4788D2667C3C3006CFB07 /* ExchangeManagerTests.swift */ = {isa = PBXFileReference; lastKnownFileType = sourcecode.swift; path = ExchangeManagerTests.swift; sourceTree = "<group>"; };
		40D4788F2667C976006CFB07 /* TranslateManagerTests.swift */ = {isa = PBXFileReference; lastKnownFileType = sourcecode.swift; path = TranslateManagerTests.swift; sourceTree = "<group>"; };
/* End PBXFileReference section */

/* Begin PBXFrameworksBuildPhase section */
		404C6E7926565BC2002A6A68 /* Frameworks */ = {
			isa = PBXFrameworksBuildPhase;
			buildActionMask = 2147483647;
			files = (
			);
			runOnlyForDeploymentPostprocessing = 0;
		};
		404C6E8F26565BC3002A6A68 /* Frameworks */ = {
			isa = PBXFrameworksBuildPhase;
			buildActionMask = 2147483647;
			files = (
			);
			runOnlyForDeploymentPostprocessing = 0;
		};
/* End PBXFrameworksBuildPhase section */

/* Begin PBXGroup section */
		40184DF12677D0B2000B1A1F /* Localize */ = {
			isa = PBXGroup;
			children = (
				40184DF62677D0DE000B1A1F /* Localizable.strings */,
				40184DF82677D481000B1A1F /* Localize.swift */,
			);
			path = Localize;
			sourceTree = "<group>";
		};
		404C6E7326565BC2002A6A68 = {
			isa = PBXGroup;
			children = (
				404C6E7E26565BC2002A6A68 /* Travel Helper */,
				404C6E9526565BC3002A6A68 /* Travel HelperTests */,
				404C6E7D26565BC2002A6A68 /* Products */,
			);
			sourceTree = "<group>";
		};
		404C6E7D26565BC2002A6A68 /* Products */ = {
			isa = PBXGroup;
			children = (
				404C6E7C26565BC2002A6A68 /* Travel Helper.app */,
				404C6E9226565BC3002A6A68 /* Travel HelperTests.xctest */,
			);
			name = Products;
			sourceTree = "<group>";
		};
		404C6E7E26565BC2002A6A68 /* Travel Helper */ = {
			isa = PBXGroup;
			children = (
				404C6EB226565C00002A6A68 /* Utils */,
				404C6EAF26565BE5002A6A68 /* Modele */,
				404C6EB026565BF3002A6A68 /* View */,
				404C6EB126565BF9002A6A68 /* Controller */,
			);
			path = "Travel Helper";
			sourceTree = "<group>";
		};
		404C6E9526565BC3002A6A68 /* Travel HelperTests */ = {
			isa = PBXGroup;
			children = (
				40AD2DFF267CE95F00473DB5 /* Utils */,
				40D4788B2667BDE2006CFB07 /* APIServiceTests.swift */,
				407B98FF2669217C00A18CD4 /* DateExtensionTests.swift */,
				40CC2208265C1A4900AC3505 /* Exchange */,
				404FF19E265FD83000D0B713 /* Translate */,
				407E4BB82667DA11009956C8 /* Weather */,
			);
			path = "Travel HelperTests";
			sourceTree = "<group>";
		};
		404C6EAF26565BE5002A6A68 /* Modele */ = {
			isa = PBXGroup;
			children = (
				404FF19A265E624800D0B713 /* APIKey.swift */,
				40708B0426668E1000D1138D /* APIService.swift */,
				406DFA39267BB5EC00B11C84 /* ServiceError.swift */,
				40708B062666936500D1138D /* RequestData.swift */,
				408A65F2267CB03C00E11074 /* URLSessionExtension.swift */,
				407E4BC126681223009956C8 /* DateExtension.swift */,
				404C6EB326565C59002A6A68 /* Exchange */,
				404C6EB426565C61002A6A68 /* Translate */,
				404C6EB526565C6A002A6A68 /* Weather */,
			);
			path = Modele;
			sourceTree = "<group>";
		};
		404C6EB026565BF3002A6A68 /* View */ = {
			isa = PBXGroup;
			children = (
				404C6E8526565BC2002A6A68 /* Main.storyboard */,
				404C6E8A26565BC3002A6A68 /* LaunchScreen.storyboard */,
			);
			path = View;
			sourceTree = "<group>";
		};
		404C6EB126565BF9002A6A68 /* Controller */ = {
			isa = PBXGroup;
			children = (
				406DFA35267BA7ED00B11C84 /* MainViewController.swift */,
				404C6EBE26565E08002A6A68 /* ExchangeViewController.swift */,
				404C6EC026565E11002A6A68 /* TranslateViewController.swift */,
				404C6EC226565E16002A6A68 /* WeatherViewController.swift */,
			);
			path = Controller;
			sourceTree = "<group>";
		};
		404C6EB226565C00002A6A68 /* Utils */ = {
			isa = PBXGroup;
			children = (
				40184DF12677D0B2000B1A1F /* Localize */,
				404C6E7F26565BC2002A6A68 /* AppDelegate.swift */,
				404C6E8126565BC2002A6A68 /* SceneDelegate.swift */,
				404C6E8826565BC3002A6A68 /* Assets.xcassets */,
				404C6E8D26565BC3002A6A68 /* Info.plist */,
			);
			path = Utils;
			sourceTree = "<group>";
		};
		404C6EB326565C59002A6A68 /* Exchange */ = {
			isa = PBXGroup;
			children = (
				4080B5CA265BB5DA007324C7 /* ExchangeManager.swift */,
				406E0746265B03A700B9EB48 /* Currencies.swift */,
				404C6EBA26565CC8002A6A68 /* JSONExchange.swift */,
			);
			path = Exchange;
			sourceTree = "<group>";
		};
		404C6EB426565C61002A6A68 /* Translate */ = {
			isa = PBXGroup;
			children = (
				40D478892667B3C0006CFB07 /* TranslateManager.swift */,
				404FF19C265E7D7300D0B713 /* TranslateData.swift */,
				407D38FD265D054500AFA901 /* JSONTranslate.swift */,
				40CA9E48267253260056FD39 /* DetectManager.swift */,
				40CA9E44267252480056FD39 /* DetectData.swift */,
				40CA9E46267252A10056FD39 /* JSONDetect.swift */,
			);
			path = Translate;
			sourceTree = "<group>";
		};
		404C6EB526565C6A002A6A68 /* Weather */ = {
			isa = PBXGroup;
			children = (
				407E4BBD2667FCB5009956C8 /* WeatherManager.swift */,
				407E4BBF2667FDA5009956C8 /* WeatherData.swift */,
				407E4BBB2667F928009956C8 /* JSONWeather.swift */,
			);
			path = Weather;
			sourceTree = "<group>";
		};
		404FF19E265FD83000D0B713 /* Translate */ = {
			isa = PBXGroup;
			children = (
				40D4788F2667C976006CFB07 /* TranslateManagerTests.swift */,
				404FF1A3265FD8EF00D0B713 /* Translate.json */,
				40B6350126789FC4000D79EF /* DetectManagerTests.swift */,
				40B635032678A014000D79EF /* Detect.json */,
			);
			path = Translate;
			sourceTree = "<group>";
		};
		407E4BB82667DA11009956C8 /* Weather */ = {
			isa = PBXGroup;
			children = (
				40631F68266908B300652CEC /* WeatherManagerTests.swift */,
				407E4BB92667DA26009956C8 /* Weather.json */,
			);
			path = Weather;
			sourceTree = "<group>";
		};
		40AD2DFF267CE95F00473DB5 /* Utils */ = {
			isa = PBXGroup;
			children = (
				404C6E9826565BC3002A6A68 /* Info.plist */,
				408A65F4267CB25D00E11074 /* NetworkSessionMock.swift */,
				406E0742265AC4B500B9EB48 /* ResponseDataMock.swift */,
				406DFA37267BAFD200B11C84 /* APIServiceMock.swift */,
			);
			path = Utils;
			sourceTree = "<group>";
		};
		40CC2208265C1A4900AC3505 /* Exchange */ = {
			isa = PBXGroup;
			children = (
				40D4788D2667C3C3006CFB07 /* ExchangeManagerTests.swift */,
				406E0740265AC47A00B9EB48 /* Exchange.json */,
			);
			path = Exchange;
			sourceTree = "<group>";
		};
/* End PBXGroup section */

/* Begin PBXNativeTarget section */
		404C6E7B26565BC2002A6A68 /* Travel Helper */ = {
			isa = PBXNativeTarget;
			buildConfigurationList = 404C6EA626565BC3002A6A68 /* Build configuration list for PBXNativeTarget "Travel Helper" */;
			buildPhases = (
				404C6E7826565BC2002A6A68 /* Sources */,
				404C6E7926565BC2002A6A68 /* Frameworks */,
				404C6E7A26565BC2002A6A68 /* Resources */,
			);
			buildRules = (
			);
			dependencies = (
			);
			name = "Travel Helper";
			productName = "Travel Helper";
			productReference = 404C6E7C26565BC2002A6A68 /* Travel Helper.app */;
			productType = "com.apple.product-type.application";
		};
		404C6E9126565BC3002A6A68 /* Travel HelperTests */ = {
			isa = PBXNativeTarget;
			buildConfigurationList = 404C6EA926565BC3002A6A68 /* Build configuration list for PBXNativeTarget "Travel HelperTests" */;
			buildPhases = (
				404C6E8E26565BC3002A6A68 /* Sources */,
				404C6E8F26565BC3002A6A68 /* Frameworks */,
				404C6E9026565BC3002A6A68 /* Resources */,
			);
			buildRules = (
			);
			dependencies = (
				404C6E9426565BC3002A6A68 /* PBXTargetDependency */,
			);
			name = "Travel HelperTests";
			productName = "Travel HelperTests";
			productReference = 404C6E9226565BC3002A6A68 /* Travel HelperTests.xctest */;
			productType = "com.apple.product-type.bundle.unit-test";
		};
/* End PBXNativeTarget section */

/* Begin PBXProject section */
		404C6E7426565BC2002A6A68 /* Project object */ = {
			isa = PBXProject;
			attributes = {
				LastSwiftUpdateCheck = 1250;
				LastUpgradeCheck = 1250;
				TargetAttributes = {
					404C6E7B26565BC2002A6A68 = {
						CreatedOnToolsVersion = 12.5;
					};
					404C6E9126565BC3002A6A68 = {
						CreatedOnToolsVersion = 12.5;
						TestTargetID = 404C6E7B26565BC2002A6A68;
					};
				};
			};
			buildConfigurationList = 404C6E7726565BC2002A6A68 /* Build configuration list for PBXProject "Travel Helper" */;
			compatibilityVersion = "Xcode 9.3";
			developmentRegion = en;
			hasScannedForEncodings = 0;
			knownRegions = (
				en,
				Base,
				fr,
			);
			mainGroup = 404C6E7326565BC2002A6A68;
			productRefGroup = 404C6E7D26565BC2002A6A68 /* Products */;
			projectDirPath = "";
			projectRoot = "";
			targets = (
				404C6E7B26565BC2002A6A68 /* Travel Helper */,
				404C6E9126565BC3002A6A68 /* Travel HelperTests */,
			);
		};
/* End PBXProject section */

/* Begin PBXResourcesBuildPhase section */
		404C6E7A26565BC2002A6A68 /* Resources */ = {
			isa = PBXResourcesBuildPhase;
			buildActionMask = 2147483647;
			files = (
				404C6E8C26565BC3002A6A68 /* LaunchScreen.storyboard in Resources */,
				40184DF42677D0DE000B1A1F /* Localizable.strings in Resources */,
				404C6E8926565BC3002A6A68 /* Assets.xcassets in Resources */,
				404C6E8726565BC2002A6A68 /* Main.storyboard in Resources */,
			);
			runOnlyForDeploymentPostprocessing = 0;
		};
		404C6E9026565BC3002A6A68 /* Resources */ = {
			isa = PBXResourcesBuildPhase;
			buildActionMask = 2147483647;
			files = (
				40B635042678A014000D79EF /* Detect.json in Resources */,
				404FF1A4265FD8EF00D0B713 /* Translate.json in Resources */,
				407E4BBA2667DA26009956C8 /* Weather.json in Resources */,
				406E0741265AC47A00B9EB48 /* Exchange.json in Resources */,
			);
			runOnlyForDeploymentPostprocessing = 0;
		};
/* End PBXResourcesBuildPhase section */

/* Begin PBXSourcesBuildPhase section */
		404C6E7826565BC2002A6A68 /* Sources */ = {
			isa = PBXSourcesBuildPhase;
			buildActionMask = 2147483647;
			files = (
				406DFA3A267BB5EC00B11C84 /* ServiceError.swift in Sources */,
				40CA9E49267253260056FD39 /* DetectManager.swift in Sources */,
				406DFA36267BA7ED00B11C84 /* MainViewController.swift in Sources */,
				40708B0526668E1000D1138D /* APIService.swift in Sources */,
				406E0747265B03A700B9EB48 /* Currencies.swift in Sources */,
				404C6E8026565BC2002A6A68 /* AppDelegate.swift in Sources */,
				404C6EBF26565E08002A6A68 /* ExchangeViewController.swift in Sources */,
				404C6EBB26565CC8002A6A68 /* JSONExchange.swift in Sources */,
				40CA9E45267252480056FD39 /* DetectData.swift in Sources */,
				407E4BBC2667F928009956C8 /* JSONWeather.swift in Sources */,
				407D38FE265D054500AFA901 /* JSONTranslate.swift in Sources */,
				404FF19D265E7D7300D0B713 /* TranslateData.swift in Sources */,
				40184DF92677D481000B1A1F /* Localize.swift in Sources */,
				404C6E8226565BC2002A6A68 /* SceneDelegate.swift in Sources */,
				40D4788A2667B3C0006CFB07 /* TranslateManager.swift in Sources */,
				408A65F3267CB03C00E11074 /* URLSessionExtension.swift in Sources */,
				407E4BBE2667FCB5009956C8 /* WeatherManager.swift in Sources */,
				404C6EC326565E16002A6A68 /* WeatherViewController.swift in Sources */,
				4080B5CB265BB5DA007324C7 /* ExchangeManager.swift in Sources */,
				407E4BC226681223009956C8 /* DateExtension.swift in Sources */,
				407E4BC02667FDA5009956C8 /* WeatherData.swift in Sources */,
				404FF19B265E624800D0B713 /* APIKey.swift in Sources */,
				404C6EC126565E11002A6A68 /* TranslateViewController.swift in Sources */,
				40CA9E47267252A10056FD39 /* JSONDetect.swift in Sources */,
				40708B072666936500D1138D /* RequestData.swift in Sources */,
			);
			runOnlyForDeploymentPostprocessing = 0;
		};
		404C6E8E26565BC3002A6A68 /* Sources */ = {
			isa = PBXSourcesBuildPhase;
			buildActionMask = 2147483647;
			files = (
				40D4788C2667BDE2006CFB07 /* APIServiceTests.swift in Sources */,
				40D478902667C976006CFB07 /* TranslateManagerTests.swift in Sources */,
				40B6350226789FC5000D79EF /* DetectManagerTests.swift in Sources */,
				406DFA38267BAFD200B11C84 /* APIServiceMock.swift in Sources */,
				40631F69266908B300652CEC /* WeatherManagerTests.swift in Sources */,
				407B99002669217C00A18CD4 /* DateExtensionTests.swift in Sources */,
				406E0743265AC4B500B9EB48 /* ResponseDataMock.swift in Sources */,
				408A65F5267CB25D00E11074 /* NetworkSessionMock.swift in Sources */,
				40D4788E2667C3C3006CFB07 /* ExchangeManagerTests.swift in Sources */,
			);
			runOnlyForDeploymentPostprocessing = 0;
		};
/* End PBXSourcesBuildPhase section */

/* Begin PBXTargetDependency section */
		404C6E9426565BC3002A6A68 /* PBXTargetDependency */ = {
			isa = PBXTargetDependency;
			target = 404C6E7B26565BC2002A6A68 /* Travel Helper */;
			targetProxy = 404C6E9326565BC3002A6A68 /* PBXContainerItemProxy */;
		};
/* End PBXTargetDependency section */

/* Begin PBXVariantGroup section */
		40184DF62677D0DE000B1A1F /* Localizable.strings */ = {
			isa = PBXVariantGroup;
			children = (
				40184DF52677D0DE000B1A1F /* fr */,
				40184DF72677D0E1000B1A1F /* en */,
			);
			name = Localizable.strings;
			sourceTree = "<group>";
		};
		404C6E8526565BC2002A6A68 /* Main.storyboard */ = {
			isa = PBXVariantGroup;
			children = (
				404C6E8626565BC2002A6A68 /* Base */,
				40BDA6E126726B3C00D246A8 /* fr */,
				40184DF02677D05D000B1A1F /* en */,
			);
			name = Main.storyboard;
			sourceTree = "<group>";
		};
		404C6E8A26565BC3002A6A68 /* LaunchScreen.storyboard */ = {
			isa = PBXVariantGroup;
			children = (
				404C6E8B26565BC3002A6A68 /* Base */,
				40BDA6E226726B3C00D246A8 /* fr */,
			);
			name = LaunchScreen.storyboard;
			sourceTree = "<group>";
		};
/* End PBXVariantGroup section */

/* Begin XCBuildConfiguration section */
		404C6EA426565BC3002A6A68 /* Debug */ = {
			isa = XCBuildConfiguration;
			buildSettings = {
				ALWAYS_SEARCH_USER_PATHS = NO;
				CLANG_ANALYZER_LOCALIZABILITY_NONLOCALIZED = YES;
				CLANG_ANALYZER_NONNULL = YES;
				CLANG_ANALYZER_NUMBER_OBJECT_CONVERSION = YES_AGGRESSIVE;
				CLANG_CXX_LANGUAGE_STANDARD = "gnu++14";
				CLANG_CXX_LIBRARY = "libc++";
				CLANG_ENABLE_MODULES = YES;
				CLANG_ENABLE_OBJC_ARC = YES;
				CLANG_ENABLE_OBJC_WEAK = YES;
				CLANG_WARN_BLOCK_CAPTURE_AUTORELEASING = YES;
				CLANG_WARN_BOOL_CONVERSION = YES;
				CLANG_WARN_COMMA = YES;
				CLANG_WARN_CONSTANT_CONVERSION = YES;
				CLANG_WARN_DEPRECATED_OBJC_IMPLEMENTATIONS = YES;
				CLANG_WARN_DIRECT_OBJC_ISA_USAGE = YES_ERROR;
				CLANG_WARN_DOCUMENTATION_COMMENTS = YES;
				CLANG_WARN_EMPTY_BODY = YES;
				CLANG_WARN_ENUM_CONVERSION = YES;
				CLANG_WARN_INFINITE_RECURSION = YES;
				CLANG_WARN_INT_CONVERSION = YES;
				CLANG_WARN_NON_LITERAL_NULL_CONVERSION = YES;
				CLANG_WARN_OBJC_IMPLICIT_RETAIN_SELF = YES;
				CLANG_WARN_OBJC_LITERAL_CONVERSION = YES;
				CLANG_WARN_OBJC_ROOT_CLASS = YES_ERROR;
				CLANG_WARN_QUOTED_INCLUDE_IN_FRAMEWORK_HEADER = YES;
				CLANG_WARN_RANGE_LOOP_ANALYSIS = YES;
				CLANG_WARN_STRICT_PROTOTYPES = YES;
				CLANG_WARN_SUSPICIOUS_MOVE = YES;
				CLANG_WARN_UNGUARDED_AVAILABILITY = YES_AGGRESSIVE;
				CLANG_WARN_UNREACHABLE_CODE = YES;
				CLANG_WARN__DUPLICATE_METHOD_MATCH = YES;
				COPY_PHASE_STRIP = NO;
				DEBUG_INFORMATION_FORMAT = dwarf;
				ENABLE_STRICT_OBJC_MSGSEND = YES;
				ENABLE_TESTABILITY = YES;
				GCC_C_LANGUAGE_STANDARD = gnu11;
				GCC_DYNAMIC_NO_PIC = NO;
				GCC_NO_COMMON_BLOCKS = YES;
				GCC_OPTIMIZATION_LEVEL = 0;
				GCC_PREPROCESSOR_DEFINITIONS = (
					"DEBUG=1",
					"$(inherited)",
				);
				GCC_WARN_64_TO_32_BIT_CONVERSION = YES;
				GCC_WARN_ABOUT_RETURN_TYPE = YES_ERROR;
				GCC_WARN_UNDECLARED_SELECTOR = YES;
				GCC_WARN_UNINITIALIZED_AUTOS = YES_AGGRESSIVE;
				GCC_WARN_UNUSED_FUNCTION = YES;
				GCC_WARN_UNUSED_VARIABLE = YES;
				IPHONEOS_DEPLOYMENT_TARGET = 13.0;
				MTL_ENABLE_DEBUG_INFO = INCLUDE_SOURCE;
				MTL_FAST_MATH = YES;
				ONLY_ACTIVE_ARCH = YES;
				SDKROOT = iphoneos;
				SWIFT_ACTIVE_COMPILATION_CONDITIONS = DEBUG;
				SWIFT_OPTIMIZATION_LEVEL = "-Onone";
			};
			name = Debug;
		};
		404C6EA526565BC3002A6A68 /* Release */ = {
			isa = XCBuildConfiguration;
			buildSettings = {
				ALWAYS_SEARCH_USER_PATHS = NO;
				CLANG_ANALYZER_LOCALIZABILITY_NONLOCALIZED = YES;
				CLANG_ANALYZER_NONNULL = YES;
				CLANG_ANALYZER_NUMBER_OBJECT_CONVERSION = YES_AGGRESSIVE;
				CLANG_CXX_LANGUAGE_STANDARD = "gnu++14";
				CLANG_CXX_LIBRARY = "libc++";
				CLANG_ENABLE_MODULES = YES;
				CLANG_ENABLE_OBJC_ARC = YES;
				CLANG_ENABLE_OBJC_WEAK = YES;
				CLANG_WARN_BLOCK_CAPTURE_AUTORELEASING = YES;
				CLANG_WARN_BOOL_CONVERSION = YES;
				CLANG_WARN_COMMA = YES;
				CLANG_WARN_CONSTANT_CONVERSION = YES;
				CLANG_WARN_DEPRECATED_OBJC_IMPLEMENTATIONS = YES;
				CLANG_WARN_DIRECT_OBJC_ISA_USAGE = YES_ERROR;
				CLANG_WARN_DOCUMENTATION_COMMENTS = YES;
				CLANG_WARN_EMPTY_BODY = YES;
				CLANG_WARN_ENUM_CONVERSION = YES;
				CLANG_WARN_INFINITE_RECURSION = YES;
				CLANG_WARN_INT_CONVERSION = YES;
				CLANG_WARN_NON_LITERAL_NULL_CONVERSION = YES;
				CLANG_WARN_OBJC_IMPLICIT_RETAIN_SELF = YES;
				CLANG_WARN_OBJC_LITERAL_CONVERSION = YES;
				CLANG_WARN_OBJC_ROOT_CLASS = YES_ERROR;
				CLANG_WARN_QUOTED_INCLUDE_IN_FRAMEWORK_HEADER = YES;
				CLANG_WARN_RANGE_LOOP_ANALYSIS = YES;
				CLANG_WARN_STRICT_PROTOTYPES = YES;
				CLANG_WARN_SUSPICIOUS_MOVE = YES;
				CLANG_WARN_UNGUARDED_AVAILABILITY = YES_AGGRESSIVE;
				CLANG_WARN_UNREACHABLE_CODE = YES;
				CLANG_WARN__DUPLICATE_METHOD_MATCH = YES;
				COPY_PHASE_STRIP = NO;
				DEBUG_INFORMATION_FORMAT = "dwarf-with-dsym";
				ENABLE_NS_ASSERTIONS = NO;
				ENABLE_STRICT_OBJC_MSGSEND = YES;
				GCC_C_LANGUAGE_STANDARD = gnu11;
				GCC_NO_COMMON_BLOCKS = YES;
				GCC_WARN_64_TO_32_BIT_CONVERSION = YES;
				GCC_WARN_ABOUT_RETURN_TYPE = YES_ERROR;
				GCC_WARN_UNDECLARED_SELECTOR = YES;
				GCC_WARN_UNINITIALIZED_AUTOS = YES_AGGRESSIVE;
				GCC_WARN_UNUSED_FUNCTION = YES;
				GCC_WARN_UNUSED_VARIABLE = YES;
				IPHONEOS_DEPLOYMENT_TARGET = 13.0;
				MTL_ENABLE_DEBUG_INFO = NO;
				MTL_FAST_MATH = YES;
				SDKROOT = iphoneos;
				SWIFT_COMPILATION_MODE = wholemodule;
				SWIFT_OPTIMIZATION_LEVEL = "-O";
				VALIDATE_PRODUCT = YES;
			};
			name = Release;
		};
		404C6EA726565BC3002A6A68 /* Debug */ = {
			isa = XCBuildConfiguration;
			buildSettings = {
				ASSETCATALOG_COMPILER_APPICON_NAME = AppIcon;
				ASSETCATALOG_COMPILER_GLOBAL_ACCENT_COLOR_NAME = AccentColor;
				CODE_SIGN_STYLE = Automatic;
				INFOPLIST_FILE = "Travel Helper/Utils/Info.plist";
				IPHONEOS_DEPLOYMENT_TARGET = 13.0;
				LD_RUNPATH_SEARCH_PATHS = (
					"$(inherited)",
					"@executable_path/Frameworks",
				);
				PRODUCT_BUNDLE_IDENTIFIER = "com.johannpetzold.Travel-Helper";
				PRODUCT_NAME = "$(TARGET_NAME)";
				SWIFT_VERSION = 5.0;
				TARGETED_DEVICE_FAMILY = 1;
			};
			name = Debug;
		};
		404C6EA826565BC3002A6A68 /* Release */ = {
			isa = XCBuildConfiguration;
			buildSettings = {
				ASSETCATALOG_COMPILER_APPICON_NAME = AppIcon;
				ASSETCATALOG_COMPILER_GLOBAL_ACCENT_COLOR_NAME = AccentColor;
				CODE_SIGN_STYLE = Automatic;
				INFOPLIST_FILE = "Travel Helper/Utils/Info.plist";
				IPHONEOS_DEPLOYMENT_TARGET = 13.0;
				LD_RUNPATH_SEARCH_PATHS = (
					"$(inherited)",
					"@executable_path/Frameworks",
				);
				PRODUCT_BUNDLE_IDENTIFIER = "com.johannpetzold.Travel-Helper";
				PRODUCT_NAME = "$(TARGET_NAME)";
				SWIFT_VERSION = 5.0;
				TARGETED_DEVICE_FAMILY = 1;
			};
			name = Release;
		};
		404C6EAA26565BC3002A6A68 /* Debug */ = {
			isa = XCBuildConfiguration;
			buildSettings = {
				ALWAYS_EMBED_SWIFT_STANDARD_LIBRARIES = YES;
				BUNDLE_LOADER = "$(TEST_HOST)";
				CODE_SIGN_STYLE = Automatic;
				INFOPLIST_FILE = "Travel HelperTests/Utils/Info.plist";
				IPHONEOS_DEPLOYMENT_TARGET = 14.5;
				LD_RUNPATH_SEARCH_PATHS = (
					"$(inherited)",
					"@executable_path/Frameworks",
					"@loader_path/Frameworks",
				);
				PRODUCT_BUNDLE_IDENTIFIER = "com.johannpetzold.Travel-HelperTests";
				PRODUCT_NAME = "$(TARGET_NAME)";
				SWIFT_VERSION = 5.0;
				TARGETED_DEVICE_FAMILY = "1,2";
				TEST_HOST = "$(BUILT_PRODUCTS_DIR)/Travel Helper.app/Travel Helper";
			};
			name = Debug;
		};
		404C6EAB26565BC3002A6A68 /* Release */ = {
			isa = XCBuildConfiguration;
			buildSettings = {
				ALWAYS_EMBED_SWIFT_STANDARD_LIBRARIES = YES;
				BUNDLE_LOADER = "$(TEST_HOST)";
				CODE_SIGN_STYLE = Automatic;
				INFOPLIST_FILE = "Travel HelperTests/Utils/Info.plist";
				IPHONEOS_DEPLOYMENT_TARGET = 14.5;
				LD_RUNPATH_SEARCH_PATHS = (
					"$(inherited)",
					"@executable_path/Frameworks",
					"@loader_path/Frameworks",
				);
				PRODUCT_BUNDLE_IDENTIFIER = "com.johannpetzold.Travel-HelperTests";
				PRODUCT_NAME = "$(TARGET_NAME)";
				SWIFT_VERSION = 5.0;
				TARGETED_DEVICE_FAMILY = "1,2";
				TEST_HOST = "$(BUILT_PRODUCTS_DIR)/Travel Helper.app/Travel Helper";
			};
			name = Release;
		};
/* End XCBuildConfiguration section */

/* Begin XCConfigurationList section */
		404C6E7726565BC2002A6A68 /* Build configuration list for PBXProject "Travel Helper" */ = {
			isa = XCConfigurationList;
			buildConfigurations = (
				404C6EA426565BC3002A6A68 /* Debug */,
				404C6EA526565BC3002A6A68 /* Release */,
			);
			defaultConfigurationIsVisible = 0;
			defaultConfigurationName = Release;
		};
		404C6EA626565BC3002A6A68 /* Build configuration list for PBXNativeTarget "Travel Helper" */ = {
			isa = XCConfigurationList;
			buildConfigurations = (
				404C6EA726565BC3002A6A68 /* Debug */,
				404C6EA826565BC3002A6A68 /* Release */,
			);
			defaultConfigurationIsVisible = 0;
			defaultConfigurationName = Release;
		};
		404C6EA926565BC3002A6A68 /* Build configuration list for PBXNativeTarget "Travel HelperTests" */ = {
			isa = XCConfigurationList;
			buildConfigurations = (
				404C6EAA26565BC3002A6A68 /* Debug */,
				404C6EAB26565BC3002A6A68 /* Release */,
			);
			defaultConfigurationIsVisible = 0;
			defaultConfigurationName = Release;
		};
/* End XCConfigurationList section */
	};
	rootObject = 404C6E7426565BC2002A6A68 /* Project object */;
}
